{
  "requires": true,
  "lockfileVersion": 1,
  "dependencies": {
    "abbrev": {
      "version": "1.1.1",
      "resolved": "https://registry.npmjs.org/abbrev/-/abbrev-1.1.1.tgz",
      "integrity": "sha512-nne9/IiQ/hzIhY6pdDnbBtz7DjPTKrY00P/zvPSm5pOFkl6xuGrGnXn/VtTNNfNtAfZ9/1RtehkszU9qcTii0Q=="
    },
    "agent-base": {
      "version": "https://registry.npmjs.org/agent-base/-/agent-base-2.1.1.tgz",
      "integrity": "sha1-1t4Q1a9hMtW9aSQn1G/FOFOQlMc=",
      "requires": {
        "extend": "https://registry.npmjs.org/extend/-/extend-3.0.1.tgz",
        "semver": "https://registry.npmjs.org/semver/-/semver-5.0.3.tgz"
      }
    },
    "assertion-error": {
      "version": "https://registry.npmjs.org/assertion-error/-/assertion-error-1.0.0.tgz",
      "integrity": "sha1-x/hUOP3UZrx8oWq5DIFRN5el0js="
    },
    "ast-types": {
      "version": "https://registry.npmjs.org/ast-types/-/ast-types-0.9.12.tgz",
      "integrity": "sha1-sTYwDWcCZiWuFTJpgsqZGOXbc8k="
    },
    "balanced-match": {
      "version": "https://registry.npmjs.org/balanced-match/-/balanced-match-1.0.0.tgz",
      "integrity": "sha1-ibTRmasr7kneFk6gK4nORi1xt2c="
    },
    "brace-expansion": {
      "version": "https://registry.npmjs.org/brace-expansion/-/brace-expansion-1.1.8.tgz",
      "integrity": "sha1-wHshHHyVLsH479Uad+8NHTmQopI=",
      "requires": {
        "balanced-match": "https://registry.npmjs.org/balanced-match/-/balanced-match-1.0.0.tgz",
        "concat-map": "https://registry.npmjs.org/concat-map/-/concat-map-0.0.1.tgz"
      }
    },
    "browser-stdout": {
      "version": "https://registry.npmjs.org/browser-stdout/-/browser-stdout-1.3.0.tgz",
      "integrity": "sha1-81HTKWnTL6XXpVZxVCY9korjvR8="
    },
    "bytes": {
      "version": "https://registry.npmjs.org/bytes/-/bytes-3.0.0.tgz",
      "integrity": "sha1-0ygVQE1olpn4Wk6k+odV3ROpYEg="
    },
    "chai-nightwatch": {
      "version": "https://registry.npmjs.org/chai-nightwatch/-/chai-nightwatch-0.1.1.tgz",
      "integrity": "sha1-HKVt52jTwIaP5/wvTTLC/olOa+k=",
      "requires": {
        "assertion-error": "https://registry.npmjs.org/assertion-error/-/assertion-error-1.0.0.tgz",
        "deep-eql": "https://registry.npmjs.org/deep-eql/-/deep-eql-0.1.3.tgz"
      }
    },
    "co": {
      "version": "https://registry.npmjs.org/co/-/co-3.0.6.tgz",
      "integrity": "sha1-FEXyJsXrlWE45oyawwFn6n0ua9o="
    },
    "commander": {
      "version": "https://registry.npmjs.org/commander/-/commander-2.9.0.tgz",
      "integrity": "sha1-nJkJQXbhIkDLItbFFGCYQA/g99Q=",
      "requires": {
        "graceful-readlink": "https://registry.npmjs.org/graceful-readlink/-/graceful-readlink-1.0.1.tgz"
      }
    },
    "concat-map": {
      "version": "https://registry.npmjs.org/concat-map/-/concat-map-0.0.1.tgz",
      "integrity": "sha1-2Klr13/Wjfd5OnMDajug1UBdR3s="
    },
    "core-util-is": {
      "version": "https://registry.npmjs.org/core-util-is/-/core-util-is-1.0.2.tgz",
      "integrity": "sha1-tf1UIgqivFq1eqtxQMlAdUUDwac="
    },
    "data-uri-to-buffer": {
      "version": "https://registry.npmjs.org/data-uri-to-buffer/-/data-uri-to-buffer-1.2.0.tgz",
      "integrity": "sha1-dxY+qcINhkG0cH6PGKvfmnjzSDU="
    },
    "debug": {
      "version": "https://registry.npmjs.org/debug/-/debug-2.2.0.tgz",
      "integrity": "sha1-+HBX6ZWxofauaklgZkE3vFbwOdo=",
      "requires": {
        "ms": "https://registry.npmjs.org/ms/-/ms-0.7.1.tgz"
      }
    },
    "deep-eql": {
      "version": "https://registry.npmjs.org/deep-eql/-/deep-eql-0.1.3.tgz",
      "integrity": "sha1-71WKyrjeJSBs1xOQbXTlaTDrafI=",
      "requires": {
        "type-detect": "https://registry.npmjs.org/type-detect/-/type-detect-0.1.1.tgz"
      }
    },
    "deep-is": {
      "version": "https://registry.npmjs.org/deep-is/-/deep-is-0.1.3.tgz",
      "integrity": "sha1-s2nW+128E+7PUk+RsHD+7cNXzzQ="
    },
    "degenerator": {
      "version": "https://registry.npmjs.org/degenerator/-/degenerator-1.0.4.tgz",
      "integrity": "sha1-/PSQo37OJmRk2cxDGrmMWBnO0JU=",
      "requires": {
        "ast-types": "https://registry.npmjs.org/ast-types/-/ast-types-0.9.12.tgz",
        "escodegen": "https://registry.npmjs.org/escodegen/-/escodegen-1.9.0.tgz",
        "esprima": "https://registry.npmjs.org/esprima/-/esprima-3.1.3.tgz"
      }
    },
    "depd": {
      "version": "https://registry.npmjs.org/depd/-/depd-1.1.1.tgz",
      "integrity": "sha1-V4O04cRZ8G+lyif5kfPQbnoxA1k="
    },
    "diff": {
      "version": "https://registry.npmjs.org/diff/-/diff-1.4.0.tgz",
      "integrity": "sha1-fyjS657nsVqX79ic5j3P2qPMur8="
    },
    "ejs": {
      "version": "https://registry.npmjs.org/ejs/-/ejs-0.8.3.tgz",
      "integrity": "sha1-24qsR/+Ap9+CtMgsEm/olwhwYm8="
    },
    "escape-string-regexp": {
      "version": "https://registry.npmjs.org/escape-string-regexp/-/escape-string-regexp-1.0.5.tgz",
      "integrity": "sha1-G2HAViGQqN/2rjuyzwIAyhMLhtQ="
    },
    "escodegen": {
      "version": "https://registry.npmjs.org/escodegen/-/escodegen-1.9.0.tgz",
      "integrity": "sha1-mBGi8mXcHNOJRCDuNxcGS2MriFI=",
      "requires": {
        "esprima": "https://registry.npmjs.org/esprima/-/esprima-3.1.3.tgz",
        "estraverse": "https://registry.npmjs.org/estraverse/-/estraverse-4.2.0.tgz",
        "esutils": "https://registry.npmjs.org/esutils/-/esutils-2.0.2.tgz",
        "optionator": "https://registry.npmjs.org/optionator/-/optionator-0.8.2.tgz",
        "source-map": "https://registry.npmjs.org/source-map/-/source-map-0.5.7.tgz"
      }
    },
    "esprima": {
      "version": "https://registry.npmjs.org/esprima/-/esprima-3.1.3.tgz",
      "integrity": "sha1-/cpRzuYTOJXjyI1TXOSdv/YqRjM="
    },
    "estraverse": {
      "version": "https://registry.npmjs.org/estraverse/-/estraverse-4.2.0.tgz",
      "integrity": "sha1-De4/7TH81GlhjOc0IJn8GvoL2xM="
    },
    "esutils": {
      "version": "https://registry.npmjs.org/esutils/-/esutils-2.0.2.tgz",
      "integrity": "sha1-Cr9PHKpbyx96nYrMbepPqqBLrJs="
    },
    "extend": {
      "version": "https://registry.npmjs.org/extend/-/extend-3.0.1.tgz",
      "integrity": "sha1-p1Xqe8Gt/MWjHOfnYtuq3F5jZEQ="
    },
    "fast-levenshtein": {
      "version": "https://registry.npmjs.org/fast-levenshtein/-/fast-levenshtein-2.0.6.tgz",
      "integrity": "sha1-PYpcZog6FqMMqGQ+hR8Zuqd5eRc="
    },
    "file-uri-to-path": {
      "version": "https://registry.npmjs.org/file-uri-to-path/-/file-uri-to-path-1.0.0.tgz",
      "integrity": "sha1-VTp7hEb/b2hDWcRF8eN6BdrMM90="
    },
    "fs.realpath": {
      "version": "https://registry.npmjs.org/fs.realpath/-/fs.realpath-1.0.0.tgz",
      "integrity": "sha1-FQStJSMVjKpA20onh8sBQRmU6k8="
    },
    "ftp": {
      "version": "https://registry.npmjs.org/ftp/-/ftp-0.3.10.tgz",
      "integrity": "sha1-kZfYYa2BQvPmPVqDv+TFn3MwiF0=",
      "requires": {
        "readable-stream": "https://registry.npmjs.org/readable-stream/-/readable-stream-1.1.14.tgz",
        "xregexp": "https://registry.npmjs.org/xregexp/-/xregexp-2.0.0.tgz"
      },
      "dependencies": {
        "readable-stream": {
          "version": "https://registry.npmjs.org/readable-stream/-/readable-stream-1.1.14.tgz",
          "integrity": "sha1-fPTFTvZI44EwhMY23SB54WbAgdk=",
          "requires": {
            "core-util-is": "https://registry.npmjs.org/core-util-is/-/core-util-is-1.0.2.tgz",
            "inherits": "https://registry.npmjs.org/inherits/-/inherits-2.0.3.tgz",
            "isarray": "https://registry.npmjs.org/isarray/-/isarray-0.0.1.tgz",
            "string_decoder": "https://registry.npmjs.org/string_decoder/-/string_decoder-0.10.31.tgz"
          }
        }
      }
    },
    "get-uri": {
      "version": "https://registry.npmjs.org/get-uri/-/get-uri-2.0.1.tgz",
      "integrity": "sha1-29ysrNjGCKODFoaTaBF2l6FjHFk=",
      "requires": {
        "data-uri-to-buffer": "https://registry.npmjs.org/data-uri-to-buffer/-/data-uri-to-buffer-1.2.0.tgz",
        "debug": "https://registry.npmjs.org/debug/-/debug-2.2.0.tgz",
        "extend": "https://registry.npmjs.org/extend/-/extend-3.0.1.tgz",
        "file-uri-to-path": "https://registry.npmjs.org/file-uri-to-path/-/file-uri-to-path-1.0.0.tgz",
        "ftp": "https://registry.npmjs.org/ftp/-/ftp-0.3.10.tgz",
        "readable-stream": "https://registry.npmjs.org/readable-stream/-/readable-stream-2.3.3.tgz"
      }
    },
    "glob": {
      "version": "https://registry.npmjs.org/glob/-/glob-7.0.5.tgz",
      "integrity": "sha1-tCAqaQmbu00pKnwblbZoK2fr3JU=",
      "requires": {
        "fs.realpath": "https://registry.npmjs.org/fs.realpath/-/fs.realpath-1.0.0.tgz",
        "inflight": "https://registry.npmjs.org/inflight/-/inflight-1.0.6.tgz",
        "inherits": "https://registry.npmjs.org/inherits/-/inherits-2.0.3.tgz",
        "minimatch": "https://registry.npmjs.org/minimatch/-/minimatch-3.0.3.tgz",
        "once": "https://registry.npmjs.org/once/-/once-1.4.0.tgz",
        "path-is-absolute": "https://registry.npmjs.org/path-is-absolute/-/path-is-absolute-1.0.1.tgz"
      }
    },
    "graceful-fs": {
      "version": "1.2.3",
      "resolved": "https://registry.npmjs.org/graceful-fs/-/graceful-fs-1.2.3.tgz",
      "integrity": "sha1-FaSAaldUfLLS2/J/QuiajDRRs2Q="
    },
    "graceful-readlink": {
      "version": "https://registry.npmjs.org/graceful-readlink/-/graceful-readlink-1.0.1.tgz",
      "integrity": "sha1-TK+tdrxi8C+gObL5Tpo906ORpyU="
    },
    "growl": {
      "version": "https://registry.npmjs.org/growl/-/growl-1.9.2.tgz",
      "integrity": "sha1-Dqd0NxXbjY3ixe3hd14bRayFwC8="
    },
    "has-flag": {
      "version": "https://registry.npmjs.org/has-flag/-/has-flag-1.0.0.tgz",
      "integrity": "sha1-nZ55MWXOAXoA8AQYxD+UKnsdEfo="
    },
    "http-errors": {
      "version": "https://registry.npmjs.org/http-errors/-/http-errors-1.6.2.tgz",
      "integrity": "sha1-CgAsyFcHGSp+eUbO7cERVfYOxzY=",
      "requires": {
        "depd": "https://registry.npmjs.org/depd/-/depd-1.1.1.tgz",
        "inherits": "https://registry.npmjs.org/inherits/-/inherits-2.0.3.tgz",
        "setprototypeof": "https://registry.npmjs.org/setprototypeof/-/setprototypeof-1.0.3.tgz",
        "statuses": "https://registry.npmjs.org/statuses/-/statuses-1.3.1.tgz"
      }
    },
    "http-proxy-agent": {
      "version": "https://registry.npmjs.org/http-proxy-agent/-/http-proxy-agent-1.0.0.tgz",
      "integrity": "sha1-zBzjjkU7+YSg93AtLdWcc9CBKEo=",
      "requires": {
        "agent-base": "https://registry.npmjs.org/agent-base/-/agent-base-2.1.1.tgz",
        "debug": "https://registry.npmjs.org/debug/-/debug-2.2.0.tgz",
        "extend": "https://registry.npmjs.org/extend/-/extend-3.0.1.tgz"
      }
    },
    "https-proxy-agent": {
      "version": "https://registry.npmjs.org/https-proxy-agent/-/https-proxy-agent-1.0.0.tgz",
      "integrity": "sha1-NffabEjOTdv6JkiRrFk+5f+GceY=",
      "requires": {
        "agent-base": "https://registry.npmjs.org/agent-base/-/agent-base-2.1.1.tgz",
        "debug": "https://registry.npmjs.org/debug/-/debug-2.2.0.tgz",
        "extend": "https://registry.npmjs.org/extend/-/extend-3.0.1.tgz"
      }
    },
    "iconv-lite": {
      "version": "https://registry.npmjs.org/iconv-lite/-/iconv-lite-0.4.19.tgz",
      "integrity": "sha1-90aPYBNfXl2tM5nAqBvpoWA6CCs="
    },
    "inflight": {
      "version": "https://registry.npmjs.org/inflight/-/inflight-1.0.6.tgz",
      "integrity": "sha1-Sb1jMdfQLQwJvJEKEHW6gWW1bfk=",
      "requires": {
        "once": "https://registry.npmjs.org/once/-/once-1.4.0.tgz",
        "wrappy": "https://registry.npmjs.org/wrappy/-/wrappy-1.0.2.tgz"
      }
    },
    "inherits": {
      "version": "https://registry.npmjs.org/inherits/-/inherits-2.0.3.tgz",
      "integrity": "sha1-Yzwsg+PaQqUC9SRmAiSA9CCCYd4="
    },
    "ip": {
      "version": "https://registry.npmjs.org/ip/-/ip-1.0.1.tgz",
      "integrity": "sha1-x+NWzeoiWucbNtcPLnGpK6TkJZA="
    },
    "isarray": {
      "version": "https://registry.npmjs.org/isarray/-/isarray-0.0.1.tgz",
      "integrity": "sha1-ihis/Kmo9Bd+Cav8YDiTmwXR7t8="
    },
    "javascript-ctags": {
      "version": "0.1.1",
      "resolved": "https://registry.npmjs.org/javascript-ctags/-/javascript-ctags-0.1.1.tgz",
      "integrity": "sha1-oeZYfK3r4RXh6oSsNE5Kc12lFSY=",
      "requires": {
        "esprima": "1.0.4",
        "glob": "3.1.21",
        "nopt": "2.0.0",
        "underscore": "1.4.4"
      },
      "dependencies": {
        "esprima": {
          "version": "1.0.4",
          "resolved": "https://registry.npmjs.org/esprima/-/esprima-1.0.4.tgz",
          "integrity": "sha1-n1V+CPw7TSbs6d00+Pv0drYlha0="
        },
        "glob": {
          "version": "3.1.21",
          "resolved": "https://registry.npmjs.org/glob/-/glob-3.1.21.tgz",
          "integrity": "sha1-0p4KBV3qUTj00H7UDomC6DwgZs0=",
          "requires": {
            "graceful-fs": "1.2.3",
            "inherits": "1.0.2",
            "minimatch": "0.2.14"
          }
        },
        "inherits": {
          "version": "1.0.2",
          "resolved": "https://registry.npmjs.org/inherits/-/inherits-1.0.2.tgz",
          "integrity": "sha1-ykMJ2t7mtUzAuNJH6NfHoJdb3Js="
        },
        "minimatch": {
          "version": "0.2.14",
          "resolved": "https://registry.npmjs.org/minimatch/-/minimatch-0.2.14.tgz",
          "integrity": "sha1-x054BXT2PG+aCQ6Q775u9TpqdWo=",
          "requires": {
            "lru-cache": "https://registry.npmjs.org/lru-cache/-/lru-cache-2.6.5.tgz",
            "sigmund": "1.0.1"
          }
        }
      }
    },
    "json3": {
      "version": "https://registry.npmjs.org/json3/-/json3-3.3.2.tgz",
      "integrity": "sha1-PAQ0dD35Pi9cQq7nsZvLSDV19OE="
    },
    "levn": {
      "version": "https://registry.npmjs.org/levn/-/levn-0.3.0.tgz",
      "integrity": "sha1-OwmSTt+fCDwEkP3UwLxEIeBHZO4=",
      "requires": {
        "prelude-ls": "https://registry.npmjs.org/prelude-ls/-/prelude-ls-1.1.2.tgz",
        "type-check": "https://registry.npmjs.org/type-check/-/type-check-0.3.2.tgz"
      }
    },
    "lodash._arraycopy": {
      "version": "https://registry.npmjs.org/lodash._arraycopy/-/lodash._arraycopy-3.0.0.tgz",
      "integrity": "sha1-due3wfH7klRzdIeKVi7Qaj5Q9uE="
    },
    "lodash._arrayeach": {
      "version": "https://registry.npmjs.org/lodash._arrayeach/-/lodash._arrayeach-3.0.0.tgz",
      "integrity": "sha1-urFWsqkNPxu9XGU0AzSeXlkz754="
    },
    "lodash._baseassign": {
      "version": "https://registry.npmjs.org/lodash._baseassign/-/lodash._baseassign-3.2.0.tgz",
      "integrity": "sha1-jDigmVAPIVrQnlnxci/QxSv+Ck4=",
      "requires": {
        "lodash._basecopy": "https://registry.npmjs.org/lodash._basecopy/-/lodash._basecopy-3.0.1.tgz",
        "lodash.keys": "https://registry.npmjs.org/lodash.keys/-/lodash.keys-3.1.2.tgz"
      }
    },
    "lodash._baseclone": {
      "version": "https://registry.npmjs.org/lodash._baseclone/-/lodash._baseclone-3.3.0.tgz",
      "integrity": "sha1-MDUZv2OT/n5C802LYw73eU41Qrc=",
      "requires": {
        "lodash._arraycopy": "https://registry.npmjs.org/lodash._arraycopy/-/lodash._arraycopy-3.0.0.tgz",
        "lodash._arrayeach": "https://registry.npmjs.org/lodash._arrayeach/-/lodash._arrayeach-3.0.0.tgz",
        "lodash._baseassign": "https://registry.npmjs.org/lodash._baseassign/-/lodash._baseassign-3.2.0.tgz",
        "lodash._basefor": "https://registry.npmjs.org/lodash._basefor/-/lodash._basefor-3.0.3.tgz",
        "lodash.isarray": "https://registry.npmjs.org/lodash.isarray/-/lodash.isarray-3.0.4.tgz",
        "lodash.keys": "https://registry.npmjs.org/lodash.keys/-/lodash.keys-3.1.2.tgz"
      }
    },
    "lodash._basecopy": {
      "version": "https://registry.npmjs.org/lodash._basecopy/-/lodash._basecopy-3.0.1.tgz",
      "integrity": "sha1-jaDmqHbPNEwK2KVIghEd08XHyjY="
    },
    "lodash._basecreate": {
      "version": "https://registry.npmjs.org/lodash._basecreate/-/lodash._basecreate-3.0.3.tgz",
      "integrity": "sha1-G8ZhYU2qf8MRt9A78WgGoCE8+CE="
    },
    "lodash._basefor": {
      "version": "https://registry.npmjs.org/lodash._basefor/-/lodash._basefor-3.0.3.tgz",
      "integrity": "sha1-dVC06SGO8J+tJDQ7YSAhx5tMIMI="
    },
    "lodash._bindcallback": {
      "version": "https://registry.npmjs.org/lodash._bindcallback/-/lodash._bindcallback-3.0.1.tgz",
      "integrity": "sha1-5THCdkTPi1epnhftlbNcdIeJOS4="
    },
    "lodash._getnative": {
      "version": "https://registry.npmjs.org/lodash._getnative/-/lodash._getnative-3.9.1.tgz",
      "integrity": "sha1-VwvH3t5G1hzc3mh9ZdPuy6o6r/U="
    },
    "lodash._isiterateecall": {
      "version": "https://registry.npmjs.org/lodash._isiterateecall/-/lodash._isiterateecall-3.0.9.tgz",
      "integrity": "sha1-UgOte6Ql+uhCRg5pbbnPPmqsBXw="
    },
    "lodash._stack": {
      "version": "https://registry.npmjs.org/lodash._stack/-/lodash._stack-4.1.3.tgz",
      "integrity": "sha1-dRqnbBuWSwR+dtFPxyoJP8teLdA="
    },
    "lodash.clone": {
      "version": "https://registry.npmjs.org/lodash.clone/-/lodash.clone-3.0.3.tgz",
      "integrity": "sha1-hGiMc9MrWpDKJWFpY/GJJSqZcEM=",
      "requires": {
        "lodash._baseclone": "https://registry.npmjs.org/lodash._baseclone/-/lodash._baseclone-3.3.0.tgz",
        "lodash._bindcallback": "https://registry.npmjs.org/lodash._bindcallback/-/lodash._bindcallback-3.0.1.tgz",
        "lodash._isiterateecall": "https://registry.npmjs.org/lodash._isiterateecall/-/lodash._isiterateecall-3.0.9.tgz"
      }
    },
    "lodash.create": {
      "version": "https://registry.npmjs.org/lodash.create/-/lodash.create-3.1.1.tgz",
      "integrity": "sha1-1/KEnw29p+BGgruM1yqwIkYd6+c=",
      "requires": {
        "lodash._baseassign": "https://registry.npmjs.org/lodash._baseassign/-/lodash._baseassign-3.2.0.tgz",
        "lodash._basecreate": "https://registry.npmjs.org/lodash._basecreate/-/lodash._basecreate-3.0.3.tgz",
        "lodash._isiterateecall": "https://registry.npmjs.org/lodash._isiterateecall/-/lodash._isiterateecall-3.0.9.tgz"
      }
    },
    "lodash.defaultsdeep": {
      "version": "https://registry.npmjs.org/lodash.defaultsdeep/-/lodash.defaultsdeep-4.3.2.tgz",
      "integrity": "sha1-bBpYbmxWR7DmTi15gUG4g2FYvoo=",
      "requires": {
        "lodash._baseclone": "https://registry.npmjs.org/lodash._baseclone/-/lodash._baseclone-4.5.7.tgz",
        "lodash._stack": "https://registry.npmjs.org/lodash._stack/-/lodash._stack-4.1.3.tgz",
        "lodash.isplainobject": "https://registry.npmjs.org/lodash.isplainobject/-/lodash.isplainobject-4.0.6.tgz",
        "lodash.keysin": "https://registry.npmjs.org/lodash.keysin/-/lodash.keysin-4.2.0.tgz",
        "lodash.mergewith": "https://registry.npmjs.org/lodash.mergewith/-/lodash.mergewith-4.6.0.tgz",
        "lodash.rest": "https://registry.npmjs.org/lodash.rest/-/lodash.rest-4.0.5.tgz"
      },
      "dependencies": {
        "lodash._baseclone": {
          "version": "https://registry.npmjs.org/lodash._baseclone/-/lodash._baseclone-4.5.7.tgz",
          "integrity": "sha1-zkKt4IOE711i+nfDD2GkbmhvhDQ="
        }
      }
    },
    "lodash.isarguments": {
      "version": "https://registry.npmjs.org/lodash.isarguments/-/lodash.isarguments-3.1.0.tgz",
      "integrity": "sha1-L1c9hcaiQon/AGY7SRwdM4/zRYo="
    },
    "lodash.isarray": {
      "version": "https://registry.npmjs.org/lodash.isarray/-/lodash.isarray-3.0.4.tgz",
      "integrity": "sha1-eeTriMNqgSKvhvhEqpvNhRtfu1U="
    },
    "lodash.isplainobject": {
      "version": "https://registry.npmjs.org/lodash.isplainobject/-/lodash.isplainobject-4.0.6.tgz",
      "integrity": "sha1-fFJqUtibRcRcxpC4gWO+BJf1UMs="
    },
    "lodash.keys": {
      "version": "https://registry.npmjs.org/lodash.keys/-/lodash.keys-3.1.2.tgz",
      "integrity": "sha1-TbwEcrFWvlCgsoaFXRvQsMZWCYo=",
      "requires": {
        "lodash._getnative": "https://registry.npmjs.org/lodash._getnative/-/lodash._getnative-3.9.1.tgz",
        "lodash.isarguments": "https://registry.npmjs.org/lodash.isarguments/-/lodash.isarguments-3.1.0.tgz",
        "lodash.isarray": "https://registry.npmjs.org/lodash.isarray/-/lodash.isarray-3.0.4.tgz"
      }
    },
    "lodash.keysin": {
      "version": "https://registry.npmjs.org/lodash.keysin/-/lodash.keysin-4.2.0.tgz",
      "integrity": "sha1-jMP7NcLZSsxEOhhj4C+kB5nqbyg="
    },
    "lodash.mergewith": {
      "version": "https://registry.npmjs.org/lodash.mergewith/-/lodash.mergewith-4.6.0.tgz",
      "integrity": "sha1-FQzwoWeR9ZA7iJHqsVRgknS96lU="
    },
    "lodash.rest": {
      "version": "https://registry.npmjs.org/lodash.rest/-/lodash.rest-4.0.5.tgz",
      "integrity": "sha1-lU73UEkmIDjJbR/Jiyj9r58Hcqo="
    },
    "lru-cache": {
      "version": "https://registry.npmjs.org/lru-cache/-/lru-cache-2.6.5.tgz",
      "integrity": "sha1-5W1jVBSO3o13B7WNFDIg/QjfD9U="
    },
    "minimatch": {
      "version": "https://registry.npmjs.org/minimatch/-/minimatch-3.0.3.tgz",
      "integrity": "sha1-Kk5AkLlrLbBqnX3wEFWmKnfJt3Q=",
      "requires": {
        "brace-expansion": "https://registry.npmjs.org/brace-expansion/-/brace-expansion-1.1.8.tgz"
      }
    },
    "minimist": {
      "version": "https://registry.npmjs.org/minimist/-/minimist-0.0.8.tgz",
      "integrity": "sha1-hX/Kv8M5fSYluCKCYuhqp6ARsF0="
    },
    "mkdirp": {
      "version": "https://registry.npmjs.org/mkdirp/-/mkdirp-0.5.1.tgz",
      "integrity": "sha1-MAV0OOrGz3+MR2fzhkjWaX11yQM=",
      "requires": {
        "minimist": "https://registry.npmjs.org/minimist/-/minimist-0.0.8.tgz"
      }
    },
    "mkpath": {
      "version": "https://registry.npmjs.org/mkpath/-/mkpath-1.0.0.tgz",
      "integrity": "sha1-67Opd+evHGg65v2hK1Raa6bFhT0="
    },
    "mocha-nightwatch": {
      "version": "https://registry.npmjs.org/mocha-nightwatch/-/mocha-nightwatch-3.2.2.tgz",
      "integrity": "sha1-kby5s73gV912d8eBJeSR5Y1mZHw=",
      "requires": {
        "browser-stdout": "https://registry.npmjs.org/browser-stdout/-/browser-stdout-1.3.0.tgz",
        "commander": "https://registry.npmjs.org/commander/-/commander-2.9.0.tgz",
        "debug": "https://registry.npmjs.org/debug/-/debug-2.2.0.tgz",
        "diff": "https://registry.npmjs.org/diff/-/diff-1.4.0.tgz",
        "escape-string-regexp": "https://registry.npmjs.org/escape-string-regexp/-/escape-string-regexp-1.0.5.tgz",
        "glob": "https://registry.npmjs.org/glob/-/glob-7.0.5.tgz",
        "growl": "https://registry.npmjs.org/growl/-/growl-1.9.2.tgz",
        "json3": "https://registry.npmjs.org/json3/-/json3-3.3.2.tgz",
        "lodash.create": "https://registry.npmjs.org/lodash.create/-/lodash.create-3.1.1.tgz",
        "mkdirp": "https://registry.npmjs.org/mkdirp/-/mkdirp-0.5.1.tgz",
        "supports-color": "https://registry.npmjs.org/supports-color/-/supports-color-3.1.2.tgz"
      }
    },
    "ms": {
      "version": "https://registry.npmjs.org/ms/-/ms-0.7.1.tgz",
      "integrity": "sha1-nNE8A62/8ltl7/3nzoZO6VIBcJg="
    },
    "netmask": {
      "version": "https://registry.npmjs.org/netmask/-/netmask-1.0.6.tgz",
      "integrity": "sha1-ICl+idhvb2QA8lDZ9Pa0wZRfzTU="
    },
    "nopt": {
      "version": "2.0.0",
      "resolved": "https://registry.npmjs.org/nopt/-/nopt-2.0.0.tgz",
      "integrity": "sha1-ynQW8gpeP5w7hhgPlilfo9C1Lg0=",
      "requires": {
        "abbrev": "1.1.1"
      }
    },
    "once": {
      "version": "https://registry.npmjs.org/once/-/once-1.4.0.tgz",
      "integrity": "sha1-WDsap3WWHUsROsF9nFC6753Xa9E=",
      "requires": {
        "wrappy": "https://registry.npmjs.org/wrappy/-/wrappy-1.0.2.tgz"
      }
    },
    "optimist": {
      "version": "https://registry.npmjs.org/optimist/-/optimist-0.6.1.tgz",
      "integrity": "sha1-2j6nRob6IaGaERwybpDrFaAZZoY=",
      "requires": {
        "minimist": "https://registry.npmjs.org/minimist/-/minimist-0.0.8.tgz",
        "wordwrap": "https://registry.npmjs.org/wordwrap/-/wordwrap-0.0.3.tgz"
      }
    },
    "optionator": {
      "version": "https://registry.npmjs.org/optionator/-/optionator-0.8.2.tgz",
      "integrity": "sha1-NkxeQJ0/TWMB1sC0wFu6UBgK62Q=",
      "requires": {
        "deep-is": "https://registry.npmjs.org/deep-is/-/deep-is-0.1.3.tgz",
        "fast-levenshtein": "https://registry.npmjs.org/fast-levenshtein/-/fast-levenshtein-2.0.6.tgz",
        "levn": "https://registry.npmjs.org/levn/-/levn-0.3.0.tgz",
        "prelude-ls": "https://registry.npmjs.org/prelude-ls/-/prelude-ls-1.1.2.tgz",
        "type-check": "https://registry.npmjs.org/type-check/-/type-check-0.3.2.tgz",
        "wordwrap": "https://registry.npmjs.org/wordwrap/-/wordwrap-1.0.0.tgz"
      },
      "dependencies": {
        "wordwrap": {
          "version": "https://registry.npmjs.org/wordwrap/-/wordwrap-1.0.0.tgz",
          "integrity": "sha1-J1hIEIkUVqQXHI0CJkQa3pDLyus="
        }
      }
    },
    "pac-proxy-agent": {
      "version": "https://registry.npmjs.org/pac-proxy-agent/-/pac-proxy-agent-1.1.0.tgz",
      "integrity": "sha1-NKOF399h0vDsrOCIWMdF0+eR/U0=",
      "requires": {
        "agent-base": "https://registry.npmjs.org/agent-base/-/agent-base-2.1.1.tgz",
        "debug": "https://registry.npmjs.org/debug/-/debug-2.2.0.tgz",
        "extend": "https://registry.npmjs.org/extend/-/extend-3.0.1.tgz",
        "get-uri": "https://registry.npmjs.org/get-uri/-/get-uri-2.0.1.tgz",
        "http-proxy-agent": "https://registry.npmjs.org/http-proxy-agent/-/http-proxy-agent-1.0.0.tgz",
        "https-proxy-agent": "https://registry.npmjs.org/https-proxy-agent/-/https-proxy-agent-1.0.0.tgz",
        "pac-resolver": "https://registry.npmjs.org/pac-resolver/-/pac-resolver-2.0.0.tgz",
        "raw-body": "https://registry.npmjs.org/raw-body/-/raw-body-2.3.2.tgz",
        "socks-proxy-agent": "https://registry.npmjs.org/socks-proxy-agent/-/socks-proxy-agent-2.1.1.tgz"
      }
    },
    "pac-resolver": {
      "version": "https://registry.npmjs.org/pac-resolver/-/pac-resolver-2.0.0.tgz",
      "integrity": "sha1-mbiNLxk/ve78HJpSnB8yYKtSd80=",
      "requires": {
        "co": "https://registry.npmjs.org/co/-/co-3.0.6.tgz",
        "degenerator": "https://registry.npmjs.org/degenerator/-/degenerator-1.0.4.tgz",
        "ip": "https://registry.npmjs.org/ip/-/ip-1.0.1.tgz",
        "netmask": "https://registry.npmjs.org/netmask/-/netmask-1.0.6.tgz",
        "thunkify": "https://registry.npmjs.org/thunkify/-/thunkify-2.1.2.tgz"
      }
    },
    "path-is-absolute": {
      "version": "https://registry.npmjs.org/path-is-absolute/-/path-is-absolute-1.0.1.tgz",
      "integrity": "sha1-F0uSaHNVNP+8es5r9TpanhtcX18="
    },
    "prelude-ls": {
      "version": "https://registry.npmjs.org/prelude-ls/-/prelude-ls-1.1.2.tgz",
      "integrity": "sha1-IZMqVJ9eUv/ZqCf1cOBL5iqX2lQ="
    },
    "process-nextick-args": {
      "version": "https://registry.npmjs.org/process-nextick-args/-/process-nextick-args-1.0.7.tgz",
      "integrity": "sha1-FQ4gt1ZZCtP5EJPyWk8q2L/zC6M="
    },
    "proxy-agent": {
      "version": "https://registry.npmjs.org/proxy-agent/-/proxy-agent-2.0.0.tgz",
      "integrity": "sha1-V+tTR6qAXXTsaByyVknbo5yTNJk=",
      "requires": {
        "agent-base": "https://registry.npmjs.org/agent-base/-/agent-base-2.1.1.tgz",
        "debug": "https://registry.npmjs.org/debug/-/debug-2.2.0.tgz",
        "extend": "https://registry.npmjs.org/extend/-/extend-3.0.1.tgz",
        "http-proxy-agent": "https://registry.npmjs.org/http-proxy-agent/-/http-proxy-agent-1.0.0.tgz",
        "https-proxy-agent": "https://registry.npmjs.org/https-proxy-agent/-/https-proxy-agent-1.0.0.tgz",
        "lru-cache": "https://registry.npmjs.org/lru-cache/-/lru-cache-2.6.5.tgz",
        "pac-proxy-agent": "https://registry.npmjs.org/pac-proxy-agent/-/pac-proxy-agent-1.1.0.tgz",
        "socks-proxy-agent": "https://registry.npmjs.org/socks-proxy-agent/-/socks-proxy-agent-2.1.1.tgz"
      }
    },
    "q": {
      "version": "https://registry.npmjs.org/q/-/q-1.4.1.tgz",
      "integrity": "sha1-VXBbzZPF82c1MMLCy8DCs63cKG4="
    },
    "raw-body": {
      "version": "https://registry.npmjs.org/raw-body/-/raw-body-2.3.2.tgz",
      "integrity": "sha1-vNYMd9Prk83gBQKVw/N5OJvIj4k=",
      "requires": {
        "bytes": "https://registry.npmjs.org/bytes/-/bytes-3.0.0.tgz",
        "http-errors": "https://registry.npmjs.org/http-errors/-/http-errors-1.6.2.tgz",
        "iconv-lite": "https://registry.npmjs.org/iconv-lite/-/iconv-lite-0.4.19.tgz",
        "unpipe": "https://registry.npmjs.org/unpipe/-/unpipe-1.0.0.tgz"
      }
    },
    "readable-stream": {
      "version": "https://registry.npmjs.org/readable-stream/-/readable-stream-2.3.3.tgz",
      "integrity": "sha1-No8lEtefnUb9/HE0mueHi7weuVw=",
      "requires": {
        "core-util-is": "https://registry.npmjs.org/core-util-is/-/core-util-is-1.0.2.tgz",
        "inherits": "https://registry.npmjs.org/inherits/-/inherits-2.0.3.tgz",
        "isarray": "https://registry.npmjs.org/isarray/-/isarray-1.0.0.tgz",
        "process-nextick-args": "https://registry.npmjs.org/process-nextick-args/-/process-nextick-args-1.0.7.tgz",
        "safe-buffer": "https://registry.npmjs.org/safe-buffer/-/safe-buffer-5.1.1.tgz",
        "string_decoder": "https://registry.npmjs.org/string_decoder/-/string_decoder-1.0.3.tgz",
        "util-deprecate": "https://registry.npmjs.org/util-deprecate/-/util-deprecate-1.0.2.tgz"
      },
      "dependencies": {
        "isarray": {
          "version": "https://registry.npmjs.org/isarray/-/isarray-1.0.0.tgz",
          "integrity": "sha1-u5NdSFgsuhaMBoNJV6VKPgcSTxE="
        },
        "string_decoder": {
          "version": "https://registry.npmjs.org/string_decoder/-/string_decoder-1.0.3.tgz",
          "integrity": "sha1-D8Z9fBQYJd6UKC3VNr7GubzoYKs=",
          "requires": {
            "safe-buffer": "https://registry.npmjs.org/safe-buffer/-/safe-buffer-5.1.1.tgz"
          }
        }
      }
    },
    "safe-buffer": {
      "version": "https://registry.npmjs.org/safe-buffer/-/safe-buffer-5.1.1.tgz",
      "integrity": "sha1-iTMSr2myEj3vcfV4iQAWce6yyFM="
    },
    "semver": {
      "version": "https://registry.npmjs.org/semver/-/semver-5.0.3.tgz",
      "integrity": "sha1-d0Zt5YnNXTyV8TiqeLxWmjy10no="
    },
    "setprototypeof": {
      "version": "https://registry.npmjs.org/setprototypeof/-/setprototypeof-1.0.3.tgz",
      "integrity": "sha1-ZlZ+NwQ+608E2RvWWMDL77VbjgQ="
    },
    "sigmund": {
      "version": "1.0.1",
      "resolved": "https://registry.npmjs.org/sigmund/-/sigmund-1.0.1.tgz",
      "integrity": "sha1-P/IfGYytIXX587eBhT/ZTQ0ZtZA="
    },
    "smart-buffer": {
      "version": "https://registry.npmjs.org/smart-buffer/-/smart-buffer-1.1.15.tgz",
      "integrity": "sha1-fxFLW2X6s+KjWqd1uxLw0cZJvxY="
    },
    "socks": {
      "version": "https://registry.npmjs.org/socks/-/socks-1.1.10.tgz",
      "integrity": "sha1-W4t/x8jzQcU+0FbpKbe/Tei6e1o=",
      "requires": {
        "ip": "https://registry.npmjs.org/ip/-/ip-1.1.5.tgz",
        "smart-buffer": "https://registry.npmjs.org/smart-buffer/-/smart-buffer-1.1.15.tgz"
      },
      "dependencies": {
        "ip": {
          "version": "https://registry.npmjs.org/ip/-/ip-1.1.5.tgz",
          "integrity": "sha1-vd7XARQpCCjAoDnnLvJfWq7ENUo="
        }
      }
    },
    "socks-proxy-agent": {
      "version": "https://registry.npmjs.org/socks-proxy-agent/-/socks-proxy-agent-2.1.1.tgz",
      "integrity": "sha1-huuwcZMlhjeHDhO3vZnybGY989M=",
      "requires": {
        "agent-base": "https://registry.npmjs.org/agent-base/-/agent-base-2.1.1.tgz",
        "extend": "https://registry.npmjs.org/extend/-/extend-3.0.1.tgz",
        "socks": "https://registry.npmjs.org/socks/-/socks-1.1.10.tgz"
      }
    },
    "source-map": {
      "version": "https://registry.npmjs.org/source-map/-/source-map-0.5.7.tgz",
      "integrity": "sha1-igOdLRAh0i0eoUyA2OpGi6LvP8w="
    },
    "statuses": {
      "version": "https://registry.npmjs.org/statuses/-/statuses-1.3.1.tgz",
      "integrity": "sha1-+vUbnrdKrvOzrPStX2Gr8ky3uT4="
    },
    "string_decoder": {
      "version": "https://registry.npmjs.org/string_decoder/-/string_decoder-0.10.31.tgz",
      "integrity": "sha1-YuIDvEF2bGwoyfyEMB2rHFMQ+pQ="
    },
    "supports-color": {
      "version": "https://registry.npmjs.org/supports-color/-/supports-color-3.1.2.tgz",
      "integrity": "sha1-cqJiiU2dQIuVbKBf83su2KbiotU=",
      "requires": {
        "has-flag": "https://registry.npmjs.org/has-flag/-/has-flag-1.0.0.tgz"
      }
    },
    "thunkify": {
      "version": "https://registry.npmjs.org/thunkify/-/thunkify-2.1.2.tgz",
      "integrity": "sha1-+qDp0jDFGsyVyhOjYawFyn4EVT0="
    },
    "type-check": {
      "version": "https://registry.npmjs.org/type-check/-/type-check-0.3.2.tgz",
      "integrity": "sha1-WITKtRLPHTVeP7eE8wgEsrUg23I=",
      "requires": {
        "prelude-ls": "https://registry.npmjs.org/prelude-ls/-/prelude-ls-1.1.2.tgz"
      }
    },
    "type-detect": {
      "version": "https://registry.npmjs.org/type-detect/-/type-detect-0.1.1.tgz",
      "integrity": "sha1-C6XsKohWQORw6k6FBZcZANrFiCI="
    },
    "underscore": {
      "version": "1.4.4",
      "resolved": "https://registry.npmjs.org/underscore/-/underscore-1.4.4.tgz",
      "integrity": "sha1-YaajIBBiKvoHljvzJSA88SI51gQ="
    },
    "unpipe": {
      "version": "https://registry.npmjs.org/unpipe/-/unpipe-1.0.0.tgz",
      "integrity": "sha1-sr9O6FFKrmFltIF4KdIbLvSZBOw="
    },
    "util-deprecate": {
      "version": "https://registry.npmjs.org/util-deprecate/-/util-deprecate-1.0.2.tgz",
      "integrity": "sha1-RQ1Nyfpw3nMnYvvS1KKJgUGaDM8="
    },
    "wordwrap": {
      "version": "https://registry.npmjs.org/wordwrap/-/wordwrap-0.0.3.tgz",
      "integrity": "sha1-o9XabNXAvAAI03I0u68b7WMFkQc="
    },
    "wrappy": {
      "version": "https://registry.npmjs.org/wrappy/-/wrappy-1.0.2.tgz",
      "integrity": "sha1-tSQ9jz7BqjXxNkYFvA0QNuMKtp8="
    },
    "xregexp": {
      "version": "https://registry.npmjs.org/xregexp/-/xregexp-2.0.0.tgz",
      "integrity": "sha1-UqY+VsoLhKfzpfPWGHLxJq16WUM="
    }
  }
}
